
Microsoft Visual Studio Solution File, Format Version 12.00
# Visual Studio Version 17
VisualStudioVersion = 17.8.34330.188
MinimumVisualStudioVersion = 10.0.40219.1
Project("{FAE04EC0-301F-11D3-BF4B-00C04F79EFBC}") = "ManejodeExcepciones", "ManejodeExcepciones\ManejodeExcepciones.csproj", "{0C395B1C-3A41-4F45-A073-34F0D413586B}"
EndProject
Global
	GlobalSection(SolutionConfigurationPlatforms) = preSolution
		Debug|Any CPU = Debug|Any CPU
		Release|Any CPU = Release|Any CPU
	EndGlobalSection
	GlobalSection(ProjectConfigurationPlatforms) = postSolution
		{0C395B1C-3A41-4F45-A073-34F0D413586B}.Debug|Any CPU.ActiveCfg = Debug|Any CPU
		{0C395B1C-3A41-4F45-A073-34F0D413586B}.Debug|Any CPU.Build.0 = Debug|Any CPU
		{0C395B1C-3A41-4F45-A073-34F0D413586B}.Release|Any CPU.ActiveCfg = Release|Any CPU
		{0C395B1C-3A41-4F45-A073-34F0D413586B}.Release|Any CPU.Build.0 = Release|Any CPU
	EndGlobalSection
	GlobalSection(SolutionProperties) = preSolution
		HideSolutionNode = FALSE
	EndGlobalSection
	GlobalSection(ExtensibilityGlobals) = postSolution
		SolutionGuid = {31A72C4C-1E41-420F-9110-523012DCA9A0}
	EndGlobalSection
EndGlobal
